PODS:
  - Flurry-iOS-SDK (7.6.0):
    - Flurry-iOS-SDK/FlurrySDK (= 7.6.0)
  - Flurry-iOS-SDK/FlurrySDK (7.6.0)
  - GoogleAnalytics (3.14.0)
  - GTMSessionFetcher (1.1.1):
    - GTMSessionFetcher/Full (= 1.1.1)
  - GTMSessionFetcher/Core (1.1.1)
  - GTMSessionFetcher/Full (1.1.1):
    - GTMSessionFetcher/Core (= 1.1.1)
  - LUKeychainAccess (1.2.5)
  - SDWebImage (3.7.5):
    - SDWebImage/Core (= 3.7.5)
  - SDWebImage/Core (3.7.5)

DEPENDENCIES:
  - Flurry-iOS-SDK (~> 7.6)
  - GoogleAnalytics (~> 3.14)
  - GTMSessionFetcher (~> 1.1)
  - LUKeychainAccess (~> 1.2)
  - SDWebImage (~> 3.7)

SPEC CHECKSUMS:
  Flurry-iOS-SDK: 9822fe709195f0e3ae3e52c785eee9ff651ff648
  GoogleAnalytics: 9be1afdb8deeac4bb5f13ca7f7d3b9db2a1f43dc
  GTMSessionFetcher: 2704a6e2811e3344ba9dc3314cae0d26850f73c5
  LUKeychainAccess: d22fc00b33ad92c7532962b86daa94c14b85ecbe
  SDWebImage: 69c6303e3348fba97e03f65d65d4fbc26740f461

COCOAPODS: 0.39.0
