// !$*UTF8*$!
{
	archiveVersion = 1;
	classes = {
	};
	objectVersion = 46;
	objects = {

/* Begin PBXBuildFile section */
		06606CCCA074064B99865654 /* Pods.framework in Frameworks */ = {isa = PBXBuildFile; fileRef = 7EAC035BA9A24F60D16DBEF4 /* Pods.framework */; };
		2B9D6EB11CB7A37400D0BCB3 /* GoogleMobileAds.framework in Frameworks */ = {isa = PBXBuildFile; fileRef = 2B9D6EB01CB7A37400D0BCB3 /* GoogleMobileAds.framework */; };
		2B9D6EB51CB7AC6C00D0BCB3 /* Constant.swift in Sources */ = {isa = PBXBuildFile; fileRef = 2B9D6EB41CB7AC6C00D0BCB3 /* Constant.swift */; };
		2BC063A11CB7964C001D54E3 /* AppDelegate.swift in Sources */ = {isa = PBXBuildFile; fileRef = 2BC0638F1CB7964C001D54E3 /* AppDelegate.swift */; };
		2BC063A21CB7964C001D54E3 /* BaseController.swift in Sources */ = {isa = PBXBuildFile; fileRef = 2BC063901CB7964C001D54E3 /* BaseController.swift */; };
		2BC063A31CB7964C001D54E3 /* ViewController.swift in Sources */ = {isa = PBXBuildFile; fileRef = 2BC063911CB7964C001D54E3 /* ViewController.swift */; };
		2BC063A41CB7964C001D54E3 /* back_arrow@2x.png in Resources */ = {isa = PBXBuildFile; fileRef = 2BC063951CB7964C001D54E3 /* back_arrow@2x.png */; };
		2BC063A51CB7964C001D54E3 /* bar44@2x.png in Resources */ = {isa = PBXBuildFile; fileRef = 2BC063961CB7964C001D54E3 /* bar44@2x.png */; };
		2BC063A61CB7964C001D54E3 /* bar64@2x.png in Resources */ = {isa = PBXBuildFile; fileRef = 2BC063971CB7964C001D54E3 /* bar64@2x.png */; };
		2BC063A71CB7964C001D54E3 /* images.xcassets in Resources */ = {isa = PBXBuildFile; fileRef = 2BC063981CB7964C001D54E3 /* images.xcassets */; };
		2BC063A91CB7964C001D54E3 /* Localizable.strings in Resources */ = {isa = PBXBuildFile; fileRef = 2BC0639B1CB7964C001D54E3 /* Localizable.strings */; };
		2BC063AA1CB7964C001D54E3 /* LaunchScreen.storyboard in Resources */ = {isa = PBXBuildFile; fileRef = 2BC0639F1CB7964C001D54E3 /* LaunchScreen.storyboard */; };
		2BC063AB1CB7964C001D54E3 /* Main.storyboard in Resources */ = {isa = PBXBuildFile; fileRef = 2BC063A01CB7964C001D54E3 /* Main.storyboard */; };
		2BC063B61CB797DD001D54E3 /* UIColor+Hex.swift in Sources */ = {isa = PBXBuildFile; fileRef = 2BC063AE1CB797DD001D54E3 /* UIColor+Hex.swift */; };
		2BC063B71CB797DD001D54E3 /* UIView+ModRect.swift in Sources */ = {isa = PBXBuildFile; fileRef = 2BC063AF1CB797DD001D54E3 /* UIView+ModRect.swift */; };
		2BC063B81CB797DD001D54E3 /* ActionSheet.swift in Sources */ = {isa = PBXBuildFile; fileRef = 2BC063B11CB797DD001D54E3 /* ActionSheet.swift */; };
		2BC063B91CB797DD001D54E3 /* Device.swift in Sources */ = {isa = PBXBuildFile; fileRef = 2BC063B21CB797DD001D54E3 /* Device.swift */; };
		2BC063BA1CB797DD001D54E3 /* Logger.swift in Sources */ = {isa = PBXBuildFile; fileRef = 2BC063B41CB797DD001D54E3 /* Logger.swift */; };
		2BC063BB1CB797DD001D54E3 /* Ls.swift in Sources */ = {isa = PBXBuildFile; fileRef = 2BC063B51CB797DD001D54E3 /* Ls.swift */; };
		2BC063BD1CB79B4A001D54E3 /* ViewController2.swift in Sources */ = {isa = PBXBuildFile; fileRef = 2BC063BC1CB79B4A001D54E3 /* ViewController2.swift */; };
/* End PBXBuildFile section */

/* Begin PBXFileReference section */
		2B9D6EB01CB7A37400D0BCB3 /* GoogleMobileAds.framework */ = {isa = PBXFileReference; lastKnownFileType = wrapper.framework; name = GoogleMobileAds.framework; path = Frameworks/GoogleMobileAds.framework; sourceTree = "<group>"; };
		2B9D6EB31CB7A98C00D0BCB3 /* ObjC-Bridging-Header.h */ = {isa = PBXFileReference; lastKnownFileType = sourcecode.c.h; name = "ObjC-Bridging-Header.h"; path = "Frameworks/ObjC-Bridging-Header.h"; sourceTree = "<group>"; };
		2B9D6EB41CB7AC6C00D0BCB3 /* Constant.swift */ = {isa = PBXFileReference; fileEncoding = 4; lastKnownFileType = sourcecode.swift; name = Constant.swift; path = Classes/Constant.swift; sourceTree = "<group>"; };
		2BC0638F1CB7964C001D54E3 /* AppDelegate.swift */ = {isa = PBXFileReference; fileEncoding = 4; lastKnownFileType = sourcecode.swift; path = AppDelegate.swift; sourceTree = "<group>"; };
		2BC063901CB7964C001D54E3 /* BaseController.swift */ = {isa = PBXFileReference; fileEncoding = 4; lastKnownFileType = sourcecode.swift; path = BaseController.swift; sourceTree = "<group>"; };
		2BC063911CB7964C001D54E3 /* ViewController.swift */ = {isa = PBXFileReference; fileEncoding = 4; lastKnownFileType = sourcecode.swift; path = ViewController.swift; sourceTree = "<group>"; };
		2BC063951CB7964C001D54E3 /* back_arrow@2x.png */ = {isa = PBXFileReference; lastKnownFileType = image.png; path = "back_arrow@2x.png"; sourceTree = "<group>"; };
		2BC063961CB7964C001D54E3 /* bar44@2x.png */ = {isa = PBXFileReference; lastKnownFileType = image.png; path = "bar44@2x.png"; sourceTree = "<group>"; };
		2BC063971CB7964C001D54E3 /* bar64@2x.png */ = {isa = PBXFileReference; lastKnownFileType = image.png; path = "bar64@2x.png"; sourceTree = "<group>"; };
		2BC063981CB7964C001D54E3 /* images.xcassets */ = {isa = PBXFileReference; lastKnownFileType = folder.assetcatalog; path = images.xcassets; sourceTree = "<group>"; };
		2BC063991CB7964C001D54E3 /* Info.plist */ = {isa = PBXFileReference; fileEncoding = 4; lastKnownFileType = text.plist.xml; path = Info.plist; sourceTree = "<group>"; };
		2BC0639C1CB7964C001D54E3 /* en */ = {isa = PBXFileReference; lastKnownFileType = text.plist.strings; name = en; path = en.lproj/Localizable.strings; sourceTree = "<group>"; };
		2BC0639D1CB7964C001D54E3 /* ja */ = {isa = PBXFileReference; lastKnownFileType = text.plist.strings; name = ja; path = ja.lproj/Localizable.strings; sourceTree = "<group>"; };
		2BC0639F1CB7964C001D54E3 /* LaunchScreen.storyboard */ = {isa = PBXFileReference; fileEncoding = 4; lastKnownFileType = file.storyboard; path = LaunchScreen.storyboard; sourceTree = "<group>"; };
		2BC063A01CB7964C001D54E3 /* Main.storyboard */ = {isa = PBXFileReference; fileEncoding = 4; lastKnownFileType = file.storyboard; path = Main.storyboard; sourceTree = "<group>"; };
		2BC063AE1CB797DD001D54E3 /* UIColor+Hex.swift */ = {isa = PBXFileReference; fileEncoding = 4; lastKnownFileType = sourcecode.swift; path = "UIColor+Hex.swift"; sourceTree = "<group>"; };
		2BC063AF1CB797DD001D54E3 /* UIView+ModRect.swift */ = {isa = PBXFileReference; fileEncoding = 4; lastKnownFileType = sourcecode.swift; path = "UIView+ModRect.swift"; sourceTree = "<group>"; };
		2BC063B11CB797DD001D54E3 /* ActionSheet.swift */ = {isa = PBXFileReference; fileEncoding = 4; lastKnownFileType = sourcecode.swift; path = ActionSheet.swift; sourceTree = "<group>"; };
		2BC063B21CB797DD001D54E3 /* Device.swift */ = {isa = PBXFileReference; fileEncoding = 4; lastKnownFileType = sourcecode.swift; path = Device.swift; sourceTree = "<group>"; };
		2BC063B41CB797DD001D54E3 /* Logger.swift */ = {isa = PBXFileReference; fileEncoding = 4; lastKnownFileType = sourcecode.swift; path = Logger.swift; sourceTree = "<group>"; };
		2BC063B51CB797DD001D54E3 /* Ls.swift */ = {isa = PBXFileReference; fileEncoding = 4; lastKnownFileType = sourcecode.swift; path = Ls.swift; sourceTree = "<group>"; };
		2BC063BC1CB79B4A001D54E3 /* ViewController2.swift */ = {isa = PBXFileReference; fileEncoding = 4; lastKnownFileType = sourcecode.swift; path = ViewController2.swift; sourceTree = "<group>"; };
		2BE735F31CB6599A00C2B7BE /* Plain.app */ = {isa = PBXFileReference; explicitFileType = wrapper.application; includeInIndex = 0; path = Plain.app; sourceTree = BUILT_PRODUCTS_DIR; };
		7EAC035BA9A24F60D16DBEF4 /* Pods.framework */ = {isa = PBXFileReference; explicitFileType = wrapper.framework; includeInIndex = 0; path = Pods.framework; sourceTree = BUILT_PRODUCTS_DIR; };
		7F1FE3CB35091CEAFE8B505D /* Pods.release.xcconfig */ = {isa = PBXFileReference; includeInIndex = 1; lastKnownFileType = text.xcconfig; name = Pods.release.xcconfig; path = "Pods/Target Support Files/Pods/Pods.release.xcconfig"; sourceTree = "<group>"; };
		C75C55FA4622DD2C4A0175AF /* Pods.debug.xcconfig */ = {isa = PBXFileReference; includeInIndex = 1; lastKnownFileType = text.xcconfig; name = Pods.debug.xcconfig; path = "Pods/Target Support Files/Pods/Pods.debug.xcconfig"; sourceTree = "<group>"; };
/* End PBXFileReference section */

/* Begin PBXFrameworksBuildPhase section */
		2BE735F01CB6599A00C2B7BE /* Frameworks */ = {
			isa = PBXFrameworksBuildPhase;
			buildActionMask = 2147483647;
			files = (
				2B9D6EB11CB7A37400D0BCB3 /* GoogleMobileAds.framework in Frameworks */,
				06606CCCA074064B99865654 /* Pods.framework in Frameworks */,
			);
			runOnlyForDeploymentPostprocessing = 0;
		};
/* End PBXFrameworksBuildPhase section */

/* Begin PBXGroup section */
		22D8F2AF707E1AFEDDC30C61 /* Frameworks */ = {
			isa = PBXGroup;
			children = (
				2B9D6EB01CB7A37400D0BCB3 /* GoogleMobileAds.framework */,
				7EAC035BA9A24F60D16DBEF4 /* Pods.framework */,
			);
			name = Frameworks;
			sourceTree = "<group>";
		};
		2BC0638E1CB7964C001D54E3 /* Classes */ = {
			isa = PBXGroup;
			children = (
				2BC0638F1CB7964C001D54E3 /* AppDelegate.swift */,
				2BC063901CB7964C001D54E3 /* BaseController.swift */,
				2BC063911CB7964C001D54E3 /* ViewController.swift */,
				2BC063BC1CB79B4A001D54E3 /* ViewController2.swift */,
			);
			path = Classes;
			sourceTree = "<group>";
		};
		2BC063921CB7964C001D54E3 /* Resources */ = {
			isa = PBXGroup;
			children = (
				2BC063931CB7964C001D54E3 /* images */,
				2BC0639E1CB7964C001D54E3 /* xib */,
				2BC0639B1CB7964C001D54E3 /* Localizable.strings */,
				2BC063981CB7964C001D54E3 /* images.xcassets */,
				2BC063991CB7964C001D54E3 /* Info.plist */,
			);
			path = Resources;
			sourceTree = "<group>";
		};
		2BC063931CB7964C001D54E3 /* images */ = {
			isa = PBXGroup;
			children = (
				2BC063941CB7964C001D54E3 /* bar */,
			);
			path = images;
			sourceTree = "<group>";
		};
		2BC063941CB7964C001D54E3 /* bar */ = {
			isa = PBXGroup;
			children = (
				2BC063951CB7964C001D54E3 /* back_arrow@2x.png */,
				2BC063961CB7964C001D54E3 /* bar44@2x.png */,
				2BC063971CB7964C001D54E3 /* bar64@2x.png */,
			);
			path = bar;
			sourceTree = "<group>";
		};
		2BC0639E1CB7964C001D54E3 /* xib */ = {
			isa = PBXGroup;
			children = (
				2BC0639F1CB7964C001D54E3 /* LaunchScreen.storyboard */,
				2BC063A01CB7964C001D54E3 /* Main.storyboard */,
			);
			path = xib;
			sourceTree = "<group>";
		};
		2BC063AC1CB797DD001D54E3 /* SharedModule */ = {
			isa = PBXGroup;
			children = (
				2BC063AD1CB797DD001D54E3 /* ExtCategory */,
				2BC063B01CB797DD001D54E3 /* ExtUIKit */,
				2BC063B31CB797DD001D54E3 /* ExtUtil */,
			);
			path = SharedModule;
			sourceTree = "<group>";
		};
		2BC063AD1CB797DD001D54E3 /* ExtCategory */ = {
			isa = PBXGroup;
			children = (
				2BC063AE1CB797DD001D54E3 /* UIColor+Hex.swift */,
				2BC063AF1CB797DD001D54E3 /* UIView+ModRect.swift */,
			);
			path = ExtCategory;
			sourceTree = "<group>";
		};
		2BC063B01CB797DD001D54E3 /* ExtUIKit */ = {
			isa = PBXGroup;
			children = (
				2BC063B11CB797DD001D54E3 /* ActionSheet.swift */,
				2BC063B21CB797DD001D54E3 /* Device.swift */,
			);
			path = ExtUIKit;
			sourceTree = "<group>";
		};
		2BC063B31CB797DD001D54E3 /* ExtUtil */ = {
			isa = PBXGroup;
			children = (
				2BC063B41CB797DD001D54E3 /* Logger.swift */,
				2BC063B51CB797DD001D54E3 /* Ls.swift */,
			);
			path = ExtUtil;
			sourceTree = "<group>";
		};
		2BE735EA1CB6599A00C2B7BE = {
			isa = PBXGroup;
			children = (
				2B9D6EB31CB7A98C00D0BCB3 /* ObjC-Bridging-Header.h */,
				2B9D6EB41CB7AC6C00D0BCB3 /* Constant.swift */,
				2BC0638E1CB7964C001D54E3 /* Classes */,
				2BC063AC1CB797DD001D54E3 /* SharedModule */,
				2BC063921CB7964C001D54E3 /* Resources */,
				2BE735F41CB6599A00C2B7BE /* Products */,
				6CAC7A6460542D55F35202DA /* Pods */,
				22D8F2AF707E1AFEDDC30C61 /* Frameworks */,
			);
			sourceTree = "<group>";
		};
		2BE735F41CB6599A00C2B7BE /* Products */ = {
			isa = PBXGroup;
			children = (
				2BE735F31CB6599A00C2B7BE /* Plain.app */,
			);
			name = Products;
			sourceTree = "<group>";
		};
		6CAC7A6460542D55F35202DA /* Pods */ = {
			isa = PBXGroup;
			children = (
				C75C55FA4622DD2C4A0175AF /* Pods.debug.xcconfig */,
				7F1FE3CB35091CEAFE8B505D /* Pods.release.xcconfig */,
			);
			name = Pods;
			sourceTree = "<group>";
		};
/* End PBXGroup section */

/* Begin PBXNativeTarget section */
		2BE735F21CB6599A00C2B7BE /* Plain */ = {
			isa = PBXNativeTarget;
			buildConfigurationList = 2BE736051CB6599A00C2B7BE /* Build configuration list for PBXNativeTarget "Plain" */;
			buildPhases = (
				54CE095C83BC7C88327293DD /* Check Pods Manifest.lock */,
				2BE735EF1CB6599A00C2B7BE /* Sources */,
				2BE735F01CB6599A00C2B7BE /* Frameworks */,
				2BE735F11CB6599A00C2B7BE /* Resources */,
				B6F6B1C2FB17A2E5D8453698 /* Embed Pods Frameworks */,
				2B28FCD53434ED995A0B4778 /* Copy Pods Resources */,
			);
			buildRules = (
			);
			dependencies = (
			);
			name = Plain;
			productName = test;
			productReference = 2BE735F31CB6599A00C2B7BE /* Plain.app */;
			productType = "com.apple.product-type.application";
		};
/* End PBXNativeTarget section */

/* Begin PBXProject section */
		2BE735EB1CB6599A00C2B7BE /* Project object */ = {
			isa = PBXProject;
			attributes = {
				LastSwiftUpdateCheck = 0730;
				LastUpgradeCheck = 0730;
				ORGANIZATIONNAME = appstair;
				TargetAttributes = {
					2BE735F21CB6599A00C2B7BE = {
						CreatedOnToolsVersion = 7.3;
					};
				};
			};
			buildConfigurationList = 2BE735EE1CB6599A00C2B7BE /* Build configuration list for PBXProject "Plain" */;
			compatibilityVersion = "Xcode 3.2";
			developmentRegion = English;
			hasScannedForEncodings = 0;
			knownRegions = (
				en,
				Base,
				ja,
			);
			mainGroup = 2BE735EA1CB6599A00C2B7BE;
			productRefGroup = 2BE735F41CB6599A00C2B7BE /* Products */;
			projectDirPath = "";
			projectRoot = "";
			targets = (
				2BE735F21CB6599A00C2B7BE /* Plain */,
			);
		};
/* End PBXProject section */

/* Begin PBXResourcesBuildPhase section */
		2BE735F11CB6599A00C2B7BE /* Resources */ = {
			isa = PBXResourcesBuildPhase;
			buildActionMask = 2147483647;
			files = (
				2BC063A51CB7964C001D54E3 /* bar44@2x.png in Resources */,
				2BC063A91CB7964C001D54E3 /* Localizable.strings in Resources */,
				2BC063A71CB7964C001D54E3 /* images.xcassets in Resources */,
				2BC063AB1CB7964C001D54E3 /* Main.storyboard in Resources */,
				2BC063A61CB7964C001D54E3 /* bar64@2x.png in Resources */,
				2BC063AA1CB7964C001D54E3 /* LaunchScreen.storyboard in Resources */,
				2BC063A41CB7964C001D54E3 /* back_arrow@2x.png in Resources */,
			);
			runOnlyForDeploymentPostprocessing = 0;
		};
/* End PBXResourcesBuildPhase section */

/* Begin PBXShellScriptBuildPhase section */
		2B28FCD53434ED995A0B4778 /* Copy Pods Resources */ = {
			isa = PBXShellScriptBuildPhase;
			buildActionMask = 2147483647;
			files = (
			);
			inputPaths = (
			);
			name = "Copy Pods Resources";
			outputPaths = (
			);
			runOnlyForDeploymentPostprocessing = 0;
			shellPath = /bin/sh;
			shellScript = "\"${SRCROOT}/Pods/Target Support Files/Pods/Pods-resources.sh\"\n";
			showEnvVarsInLog = 0;
		};
		54CE095C83BC7C88327293DD /* Check Pods Manifest.lock */ = {
			isa = PBXShellScriptBuildPhase;
			buildActionMask = 2147483647;
			files = (
			);
			inputPaths = (
			);
			name = "Check Pods Manifest.lock";
			outputPaths = (
			);
			runOnlyForDeploymentPostprocessing = 0;
			shellPath = /bin/sh;
			shellScript = "diff \"${PODS_ROOT}/../Podfile.lock\" \"${PODS_ROOT}/Manifest.lock\" > /dev/null\nif [[ $? != 0 ]] ; then\n    cat << EOM\nerror: The sandbox is not in sync with the Podfile.lock. Run 'pod install' or update your CocoaPods installation.\nEOM\n    exit 1\nfi\n";
			showEnvVarsInLog = 0;
		};
		B6F6B1C2FB17A2E5D8453698 /* Embed Pods Frameworks */ = {
			isa = PBXShellScriptBuildPhase;
			buildActionMask = 2147483647;
			files = (
			);
			inputPaths = (
			);
			name = "Embed Pods Frameworks";
			outputPaths = (
			);
			runOnlyForDeploymentPostprocessing = 0;
			shellPath = /bin/sh;
			shellScript = "\"${SRCROOT}/Pods/Target Support Files/Pods/Pods-frameworks.sh\"\n";
			showEnvVarsInLog = 0;
		};
/* End PBXShellScriptBuildPhase section */

/* Begin PBXSourcesBuildPhase section */
		2BE735EF1CB6599A00C2B7BE /* Sources */ = {
			isa = PBXSourcesBuildPhase;
			buildActionMask = 2147483647;
			files = (
				2BC063A31CB7964C001D54E3 /* ViewController.swift in Sources */,
				2BC063B81CB797DD001D54E3 /* ActionSheet.swift in Sources */,
				2BC063BB1CB797DD001D54E3 /* Ls.swift in Sources */,
				2BC063B61CB797DD001D54E3 /* UIColor+Hex.swift in Sources */,
				2BC063B71CB797DD001D54E3 /* UIView+ModRect.swift in Sources */,
				2BC063BD1CB79B4A001D54E3 /* ViewController2.swift in Sources */,
				2BC063A11CB7964C001D54E3 /* AppDelegate.swift in Sources */,
				2BC063B91CB797DD001D54E3 /* Device.swift in Sources */,
				2B9D6EB51CB7AC6C00D0BCB3 /* Constant.swift in Sources */,
				2BC063A21CB7964C001D54E3 /* BaseController.swift in Sources */,
				2BC063BA1CB797DD001D54E3 /* Logger.swift in Sources */,
			);
			runOnlyForDeploymentPostprocessing = 0;
		};
/* End PBXSourcesBuildPhase section */

/* Begin PBXVariantGroup section */
		2BC0639B1CB7964C001D54E3 /* Localizable.strings */ = {
			isa = PBXVariantGroup;
			children = (
				2BC0639C1CB7964C001D54E3 /* en */,
				2BC0639D1CB7964C001D54E3 /* ja */,
			);
			name = Localizable.strings;
			path = localizable;
			sourceTree = "<group>";
		};
/* End PBXVariantGroup section */

/* Begin XCBuildConfiguration section */
		2BE736031CB6599A00C2B7BE /* Debug */ = {
			isa = XCBuildConfiguration;
			buildSettings = {
				ALWAYS_SEARCH_USER_PATHS = NO;
				CLANG_ANALYZER_NONNULL = YES;
				CLANG_CXX_LANGUAGE_STANDARD = "gnu++0x";
				CLANG_CXX_LIBRARY = "libc++";
				CLANG_ENABLE_MODULES = YES;
				CLANG_ENABLE_OBJC_ARC = YES;
				CLANG_WARN_BOOL_CONVERSION = YES;
				CLANG_WARN_CONSTANT_CONVERSION = YES;
				CLANG_WARN_DIRECT_OBJC_ISA_USAGE = YES_ERROR;
				CLANG_WARN_EMPTY_BODY = YES;
				CLANG_WARN_ENUM_CONVERSION = YES;
				CLANG_WARN_INT_CONVERSION = YES;
				CLANG_WARN_OBJC_ROOT_CLASS = YES_ERROR;
				CLANG_WARN_UNREACHABLE_CODE = YES;
				CLANG_WARN__DUPLICATE_METHOD_MATCH = YES;
				"CODE_SIGN_IDENTITY[sdk=iphoneos*]" = "iPhone Developer";
				COPY_PHASE_STRIP = NO;
				DEBUG_INFORMATION_FORMAT = dwarf;
				ENABLE_STRICT_OBJC_MSGSEND = YES;
				ENABLE_TESTABILITY = YES;
				GCC_C_LANGUAGE_STANDARD = gnu99;
				GCC_DYNAMIC_NO_PIC = NO;
				GCC_NO_COMMON_BLOCKS = YES;
				GCC_OPTIMIZATION_LEVEL = 0;
				GCC_PREPROCESSOR_DEFINITIONS = (
					"DEBUG=1",
					"$(inherited)",
				);
				GCC_WARN_64_TO_32_BIT_CONVERSION = YES;
				GCC_WARN_ABOUT_RETURN_TYPE = YES_ERROR;
				GCC_WARN_UNDECLARED_SELECTOR = YES;
				GCC_WARN_UNINITIALIZED_AUTOS = YES_AGGRESSIVE;
				GCC_WARN_UNUSED_FUNCTION = YES;
				GCC_WARN_UNUSED_VARIABLE = YES;
				IPHONEOS_DEPLOYMENT_TARGET = 8.0;
				MTL_ENABLE_DEBUG_INFO = YES;
				ONLY_ACTIVE_ARCH = YES;
				SDKROOT = iphoneos;
				SWIFT_OPTIMIZATION_LEVEL = "-Onone";
			};
			name = Debug;
		};
		2BE736041CB6599A00C2B7BE /* Release */ = {
			isa = XCBuildConfiguration;
			buildSettings = {
				ALWAYS_SEARCH_USER_PATHS = NO;
				CLANG_ANALYZER_NONNULL = YES;
				CLANG_CXX_LANGUAGE_STANDARD = "gnu++0x";
				CLANG_CXX_LIBRARY = "libc++";
				CLANG_ENABLE_MODULES = YES;
				CLANG_ENABLE_OBJC_ARC = YES;
				CLANG_WARN_BOOL_CONVERSION = YES;
				CLANG_WARN_CONSTANT_CONVERSION = YES;
				CLANG_WARN_DIRECT_OBJC_ISA_USAGE = YES_ERROR;
				CLANG_WARN_EMPTY_BODY = YES;
				CLANG_WARN_ENUM_CONVERSION = YES;
				CLANG_WARN_INT_CONVERSION = YES;
				CLANG_WARN_OBJC_ROOT_CLASS = YES_ERROR;
				CLANG_WARN_UNREACHABLE_CODE = YES;
				CLANG_WARN__DUPLICATE_METHOD_MATCH = YES;
				"CODE_SIGN_IDENTITY[sdk=iphoneos*]" = "iPhone Developer";
				COPY_PHASE_STRIP = NO;
				DEBUG_INFORMATION_FORMAT = "dwarf-with-dsym";
				ENABLE_NS_ASSERTIONS = NO;
				ENABLE_STRICT_OBJC_MSGSEND = YES;
				GCC_C_LANGUAGE_STANDARD = gnu99;
				GCC_NO_COMMON_BLOCKS = YES;
				GCC_WARN_64_TO_32_BIT_CONVERSION = YES;
				GCC_WARN_ABOUT_RETURN_TYPE = YES_ERROR;
				GCC_WARN_UNDECLARED_SELECTOR = YES;
				GCC_WARN_UNINITIALIZED_AUTOS = YES_AGGRESSIVE;
				GCC_WARN_UNUSED_FUNCTION = YES;
				GCC_WARN_UNUSED_VARIABLE = YES;
				IPHONEOS_DEPLOYMENT_TARGET = 8.0;
				MTL_ENABLE_DEBUG_INFO = NO;
				ONLY_ACTIVE_ARCH = NO;
				SDKROOT = iphoneos;
				VALIDATE_PRODUCT = YES;
			};
			name = Release;
		};
		2BE736061CB6599A00C2B7BE /* Debug */ = {
			isa = XCBuildConfiguration;
			baseConfigurationReference = C75C55FA4622DD2C4A0175AF /* Pods.debug.xcconfig */;
			buildSettings = {
				ASSETCATALOG_COMPILER_APPICON_NAME = AppIcon;
				FRAMEWORK_SEARCH_PATHS = (
					"$(inherited)",
					"$(PROJECT_DIR)/Frameworks",
				);
				INFOPLIST_FILE = "$(SRCROOT)/Resources/Info.plist";
				IPHONEOS_DEPLOYMENT_TARGET = 8.0;
				LD_RUNPATH_SEARCH_PATHS = "$(inherited) @executable_path/Frameworks";
				OTHER_SWIFT_FLAGS = "-D DEBUG";
				PRODUCT_BUNDLE_IDENTIFIER = com.appstair.plain;
				PRODUCT_NAME = Plain;
				SWIFT_OBJC_BRIDGING_HEADER = "$(SRCROOT)/Frameworks/ObjC-Bridging-Header.h";
				TARGETED_DEVICE_FAMILY = "1,2";
			};
			name = Debug;
		};
		2BE736071CB6599A00C2B7BE /* Release */ = {
			isa = XCBuildConfiguration;
			baseConfigurationReference = 7F1FE3CB35091CEAFE8B505D /* Pods.release.xcconfig */;
			buildSettings = {
				ASSETCATALOG_COMPILER_APPICON_NAME = AppIcon;
				FRAMEWORK_SEARCH_PATHS = (
					"$(inherited)",
					"$(PROJECT_DIR)/Frameworks",
				);
				INFOPLIST_FILE = "$(SRCROOT)/Resources/Info.plist";
				IPHONEOS_DEPLOYMENT_TARGET = 8.0;
				LD_RUNPATH_SEARCH_PATHS = "$(inherited) @executable_path/Frameworks";
				OTHER_SWIFT_FLAGS = "";
				PRODUCT_BUNDLE_IDENTIFIER = com.appstair.plain;
				PRODUCT_NAME = Plain;
				SWIFT_OBJC_BRIDGING_HEADER = "$(SRCROOT)/Frameworks/ObjC-Bridging-Header.h";
				TARGETED_DEVICE_FAMILY = "1,2";
			};
			name = Release;
		};
/* End XCBuildConfiguration section */

/* Begin XCConfigurationList section */
		2BE735EE1CB6599A00C2B7BE /* Build configuration list for PBXProject "Plain" */ = {
			isa = XCConfigurationList;
			buildConfigurations = (
				2BE736031CB6599A00C2B7BE /* Debug */,
				2BE736041CB6599A00C2B7BE /* Release */,
			);
			defaultConfigurationIsVisible = 0;
			defaultConfigurationName = Release;
		};
		2BE736051CB6599A00C2B7BE /* Build configuration list for PBXNativeTarget "Plain" */ = {
			isa = XCConfigurationList;
			buildConfigurations = (
				2BE736061CB6599A00C2B7BE /* Debug */,
				2BE736071CB6599A00C2B7BE /* Release */,
			);
			defaultConfigurationIsVisible = 0;
			defaultConfigurationName = Release;
		};
/* End XCConfigurationList section */
	};
	rootObject = 2BE735EB1CB6599A00C2B7BE /* Project object */;
}
